
Microsoft Visual Studio Solution File, Format Version 12.00
# Visual Studio Version 17
VisualStudioVersion = 17.14.35806.103
MinimumVisualStudioVersion = 10.0.40219.1
Project("{FAE04EC0-301F-11D3-BF4B-00C04F79EFBC}") = "LspServer", "LspServer\LspServer.csproj", "{D988C530-0B61-426C-8CB4-A1D1B17EC15E}"
EndProject
Project("{54A90642-561A-4BB1-A94E-469ADEE60C69}") = "unturned-asset-file-vscode", "unturned-asset-file-vscode\unturned-asset-file-vscode.esproj", "{F7880541-C447-46A4-0172-816307FEDED5}"
EndProject
Project("{FAE04EC0-301F-11D3-BF4B-00C04F79EFBC}") = "UnturnedAssetSpec", "UnturnedAssetSpec\UnturnedAssetSpec.csproj", "{EF3328B9-DA54-481B-8FB7-970D5B41F3AA}"
EndProject
Global
	GlobalSection(SolutionConfigurationPlatforms) = preSolution
		Debug|Any CPU = Debug|Any CPU
		Release|Any CPU = Release|Any CPU
	EndGlobalSection
	GlobalSection(ProjectConfigurationPlatforms) = postSolution
		{D988C530-0B61-426C-8CB4-A1D1B17EC15E}.Debug|Any CPU.ActiveCfg = Debug|Any CPU
		{D988C530-0B61-426C-8CB4-A1D1B17EC15E}.Debug|Any CPU.Build.0 = Debug|Any CPU
		{D988C530-0B61-426C-8CB4-A1D1B17EC15E}.Release|Any CPU.ActiveCfg = Release|Any CPU
		{D988C530-0B61-426C-8CB4-A1D1B17EC15E}.Release|Any CPU.Build.0 = Release|Any CPU
		{F7880541-C447-46A4-0172-816307FEDED5}.Debug|Any CPU.ActiveCfg = Debug|Any CPU
		{F7880541-C447-46A4-0172-816307FEDED5}.Debug|Any CPU.Build.0 = Debug|Any CPU
		{F7880541-C447-46A4-0172-816307FEDED5}.Debug|Any CPU.Deploy.0 = Debug|Any CPU
		{F7880541-C447-46A4-0172-816307FEDED5}.Release|Any CPU.ActiveCfg = Release|Any CPU
		{F7880541-C447-46A4-0172-816307FEDED5}.Release|Any CPU.Build.0 = Release|Any CPU
		{F7880541-C447-46A4-0172-816307FEDED5}.Release|Any CPU.Deploy.0 = Release|Any CPU
		{EF3328B9-DA54-481B-8FB7-970D5B41F3AA}.Debug|Any CPU.ActiveCfg = Debug|Any CPU
		{EF3328B9-DA54-481B-8FB7-970D5B41F3AA}.Debug|Any CPU.Build.0 = Debug|Any CPU
		{EF3328B9-DA54-481B-8FB7-970D5B41F3AA}.Release|Any CPU.ActiveCfg = Release|Any CPU
		{EF3328B9-DA54-481B-8FB7-970D5B41F3AA}.Release|Any CPU.Build.0 = Release|Any CPU
	EndGlobalSection
	GlobalSection(SolutionProperties) = preSolution
		HideSolutionNode = FALSE
	EndGlobalSection
	GlobalSection(ExtensibilityGlobals) = postSolution
		SolutionGuid = {D5953B6D-65AE-4238-AA41-BDB7A667578F}
	EndGlobalSection
EndGlobal
